
Microsoft Visual Studio Solution File, Format Version 12.00
# Visual Studio Version 16
VisualStudioVersion = 16.0.30011.22
MinimumVisualStudioVersion = 10.0.40219.1
Project("{9A19103F-16F7-4668-BE54-9A1E7A4F7556}") = "BlazorApp4", "BlazorApp4\BlazorApp4.csproj", "{60B6965E-C1BF-4FB3-A87F-25DDEED8A766}"
EndProject
Global
	GlobalSection(SolutionConfigurationPlatforms) = preSolution
		Debug|Any CPU = Debug|Any CPU
		Release|Any CPU = Release|Any CPU
	EndGlobalSection
	GlobalSection(ProjectConfigurationPlatforms) = postSolution
		{60B6965E-C1BF-4FB3-A87F-25DDEED8A766}.Debug|Any CPU.ActiveCfg = Debug|Any CPU
		{60B6965E-C1BF-4FB3-A87F-25DDEED8A766}.Debug|Any CPU.Build.0 = Debug|Any CPU
		{60B6965E-C1BF-4FB3-A87F-25DDEED8A766}.Release|Any CPU.ActiveCfg = Release|Any CPU
		{60B6965E-C1BF-4FB3-A87F-25DDEED8A766}.Release|Any CPU.Build.0 = Release|Any CPU
	EndGlobalSection
	GlobalSection(SolutionProperties) = preSolution
		HideSolutionNode = FALSE
	EndGlobalSection
	GlobalSection(ExtensibilityGlobals) = postSolution
		SolutionGuid = {975BEB2F-BFB9-46A5-B079-4242D4B6D1B5}
	EndGlobalSection
EndGlobal
